
Microsoft Visual Studio Solution File, Format Version 12.00
# Visual Studio Version 16
VisualStudioVersion = 16.0.31702.278
MinimumVisualStudioVersion = 10.0.40219.1
Project("{FAE04EC0-301F-11D3-BF4B-00C04F79EFBC}") = "SampleProject.WebAPI", "SampleProject.WebAPI\SampleProject.WebAPI.csproj", "{152C7AC4-EF9C-4A2A-8231-9F5555C41458}"
EndProject
Project("{FAE04EC0-301F-11D3-BF4B-00C04F79EFBC}") = "SampleProject.Domain", "SampleProject.Domain\SampleProject.Domain.csproj", "{A7A1C744-52DC-4C5E-ADB6-1287EE36634A}"
EndProject
Project("{FAE04EC0-301F-11D3-BF4B-00C04F79EFBC}") = "SampleProject.Repo", "SampleProject.Repo\SampleProject.Repo.csproj", "{7C0AC1F6-FED3-4B20-B07F-54CFD880B125}"
EndProject
Global
	GlobalSection(SolutionConfigurationPlatforms) = preSolution
		Debug|Any CPU = Debug|Any CPU
		Release|Any CPU = Release|Any CPU
	EndGlobalSection
	GlobalSection(ProjectConfigurationPlatforms) = postSolution
		{152C7AC4-EF9C-4A2A-8231-9F5555C41458}.Debug|Any CPU.ActiveCfg = Debug|Any CPU
		{152C7AC4-EF9C-4A2A-8231-9F5555C41458}.Debug|Any CPU.Build.0 = Debug|Any CPU
		{152C7AC4-EF9C-4A2A-8231-9F5555C41458}.Release|Any CPU.ActiveCfg = Release|Any CPU
		{152C7AC4-EF9C-4A2A-8231-9F5555C41458}.Release|Any CPU.Build.0 = Release|Any CPU
		{A7A1C744-52DC-4C5E-ADB6-1287EE36634A}.Debug|Any CPU.ActiveCfg = Debug|Any CPU
		{A7A1C744-52DC-4C5E-ADB6-1287EE36634A}.Debug|Any CPU.Build.0 = Debug|Any CPU
		{A7A1C744-52DC-4C5E-ADB6-1287EE36634A}.Release|Any CPU.ActiveCfg = Release|Any CPU
		{A7A1C744-52DC-4C5E-ADB6-1287EE36634A}.Release|Any CPU.Build.0 = Release|Any CPU
		{7C0AC1F6-FED3-4B20-B07F-54CFD880B125}.Debug|Any CPU.ActiveCfg = Debug|Any CPU
		{7C0AC1F6-FED3-4B20-B07F-54CFD880B125}.Debug|Any CPU.Build.0 = Debug|Any CPU
		{7C0AC1F6-FED3-4B20-B07F-54CFD880B125}.Release|Any CPU.ActiveCfg = Release|Any CPU
		{7C0AC1F6-FED3-4B20-B07F-54CFD880B125}.Release|Any CPU.Build.0 = Release|Any CPU
	EndGlobalSection
	GlobalSection(SolutionProperties) = preSolution
		HideSolutionNode = FALSE
	EndGlobalSection
	GlobalSection(ExtensibilityGlobals) = postSolution
		SolutionGuid = {2A988FEE-7BCB-429D-9E27-CBA10FD5E245}
	EndGlobalSection
EndGlobal
